# This file was autogenerated by uv via the following command:
#    uv pip compile pyproject.toml -o uv.lock
attrs==25.4.0
    # via
    #   jsonschema
    #   referencing
jsonschema==4.25.1
    # via uploader (pyproject.toml)
jsonschema-specifications==2025.9.1
    # via jsonschema
referencing==0.37.0
    # via
    #   jsonschema
    #   jsonschema-specifications
rpds-py==0.28.0
    # via
    #   jsonschema
    #   referencing
webtypy==0.1.7
    # via uploader (pyproject.toml)
